
Microsoft Visual Studio Solution File, Format Version 12.00
# Visual Studio Version 16
Project("{2150E333-8FDC-42A3-9474-1A3956D46DE8}") = "CMakePredefinedTargets", "CMakePredefinedTargets", "{F2852115-C95D-3ED2-B859-279A03DB1A56}"
EndProject
Project("{2150E333-8FDC-42A3-9474-1A3956D46DE8}") = "External", "External", "{2567D17E-9022-3D19-8399-D52978A614E6}"
EndProject
Project("{2150E333-8FDC-42A3-9474-1A3956D46DE8}") = "Internal", "Internal", "{85C9CC0E-695F-3CF5-8552-E30F7CC822B3}"
EndProject
Project("{8BC9CEB8-8B4A-11D0-8D11-00A0C91BC942}") = "ALL_BUILD", "ALL_BUILD.vcxproj", "{13DDD724-68E5-3B9A-B941-984D26CF15B4}"
	ProjectSection(ProjectDependencies) = postProject
		{E5BB8680-39CA-327D-9716-76C484B3DBE1} = {E5BB8680-39CA-327D-9716-76C484B3DBE1}
		{C0DC9DAE-36C2-3596-970D-03C0A88DF6D9} = {C0DC9DAE-36C2-3596-970D-03C0A88DF6D9}
		{A8324D0B-A329-3614-9D57-00FC25178398} = {A8324D0B-A329-3614-9D57-00FC25178398}
		{1BDD44F7-D2DA-3012-81A5-DE1359D25510} = {1BDD44F7-D2DA-3012-81A5-DE1359D25510}
		{FE0FE67C-B0CA-325D-AE76-1BD4476C5591} = {FE0FE67C-B0CA-325D-AE76-1BD4476C5591}
		{71F593F7-E229-3EDF-9234-77149344408C} = {71F593F7-E229-3EDF-9234-77149344408C}
		{F1071E3A-289B-3DCC-B957-575021938E19} = {F1071E3A-289B-3DCC-B957-575021938E19}
		{068099D2-5B24-3676-BA2D-3917FBE3169D} = {068099D2-5B24-3676-BA2D-3917FBE3169D}
		{0D7147E6-D3DB-397C-AF94-25D10BEDEFD8} = {0D7147E6-D3DB-397C-AF94-25D10BEDEFD8}
		{42732BA8-89AD-3747-AD85-5A4054C63628} = {42732BA8-89AD-3747-AD85-5A4054C63628}
		{A2E8AAB7-D2EE-3694-8B0E-6E8B6DB67C90} = {A2E8AAB7-D2EE-3694-8B0E-6E8B6DB67C90}
		{48BCBC6B-A19F-3BCD-A71D-3FA4D50FBA69} = {48BCBC6B-A19F-3BCD-A71D-3FA4D50FBA69}
		{E666459A-2BC4-378C-B852-87585E7EE994} = {E666459A-2BC4-378C-B852-87585E7EE994}
	EndProjectSection
EndProject
Project("{8BC9CEB8-8B4A-11D0-8D11-00A0C91BC942}") = "ZERO_CHECK", "..\..\..\\ZERO_CHECK.vcxproj", "{E5BB8680-39CA-327D-9716-76C484B3DBE1}"
	ProjectSection(ProjectDependencies) = postProject
	EndProjectSection
EndProject
Project("{8BC9CEB8-8B4A-11D0-8D11-00A0C91BC942}") = "cocos2d", "cocos2d.vcxproj", "{C0DC9DAE-36C2-3596-970D-03C0A88DF6D9}"
	ProjectSection(ProjectDependencies) = postProject
		{E5BB8680-39CA-327D-9716-76C484B3DBE1} = {E5BB8680-39CA-327D-9716-76C484B3DBE1}
		{A8324D0B-A329-3614-9D57-00FC25178398} = {A8324D0B-A329-3614-9D57-00FC25178398}
		{1BDD44F7-D2DA-3012-81A5-DE1359D25510} = {1BDD44F7-D2DA-3012-81A5-DE1359D25510}
		{FE0FE67C-B0CA-325D-AE76-1BD4476C5591} = {FE0FE67C-B0CA-325D-AE76-1BD4476C5591}
		{71F593F7-E229-3EDF-9234-77149344408C} = {71F593F7-E229-3EDF-9234-77149344408C}
		{F1071E3A-289B-3DCC-B957-575021938E19} = {F1071E3A-289B-3DCC-B957-575021938E19}
		{068099D2-5B24-3676-BA2D-3917FBE3169D} = {068099D2-5B24-3676-BA2D-3917FBE3169D}
		{0D7147E6-D3DB-397C-AF94-25D10BEDEFD8} = {0D7147E6-D3DB-397C-AF94-25D10BEDEFD8}
		{42732BA8-89AD-3747-AD85-5A4054C63628} = {42732BA8-89AD-3747-AD85-5A4054C63628}
		{A2E8AAB7-D2EE-3694-8B0E-6E8B6DB67C90} = {A2E8AAB7-D2EE-3694-8B0E-6E8B6DB67C90}
		{48BCBC6B-A19F-3BCD-A71D-3FA4D50FBA69} = {48BCBC6B-A19F-3BCD-A71D-3FA4D50FBA69}
		{E666459A-2BC4-378C-B852-87585E7EE994} = {E666459A-2BC4-378C-B852-87585E7EE994}
	EndProjectSection
EndProject
Project("{8BC9CEB8-8B4A-11D0-8D11-00A0C91BC942}") = "ext_clipper", "..\..\external\clipper\ext_clipper.vcxproj", "{A8324D0B-A329-3614-9D57-00FC25178398}"
	ProjectSection(ProjectDependencies) = postProject
		{E5BB8680-39CA-327D-9716-76C484B3DBE1} = {E5BB8680-39CA-327D-9716-76C484B3DBE1}
	EndProjectSection
EndProject
Project("{8BC9CEB8-8B4A-11D0-8D11-00A0C91BC942}") = "ext_convertUTF", "..\..\external\ConvertUTF\ext_convertUTF.vcxproj", "{1BDD44F7-D2DA-3012-81A5-DE1359D25510}"
	ProjectSection(ProjectDependencies) = postProject
		{E5BB8680-39CA-327D-9716-76C484B3DBE1} = {E5BB8680-39CA-327D-9716-76C484B3DBE1}
	EndProjectSection
EndProject
Project("{8BC9CEB8-8B4A-11D0-8D11-00A0C91BC942}") = "ext_edtaa3func", "..\..\external\edtaa3func\ext_edtaa3func.vcxproj", "{FE0FE67C-B0CA-325D-AE76-1BD4476C5591}"
	ProjectSection(ProjectDependencies) = postProject
		{E5BB8680-39CA-327D-9716-76C484B3DBE1} = {E5BB8680-39CA-327D-9716-76C484B3DBE1}
	EndProjectSection
EndProject
Project("{8BC9CEB8-8B4A-11D0-8D11-00A0C91BC942}") = "ext_md5", "..\..\external\md5\ext_md5.vcxproj", "{71F593F7-E229-3EDF-9234-77149344408C}"
	ProjectSection(ProjectDependencies) = postProject
		{E5BB8680-39CA-327D-9716-76C484B3DBE1} = {E5BB8680-39CA-327D-9716-76C484B3DBE1}
	EndProjectSection
EndProject
Project("{8BC9CEB8-8B4A-11D0-8D11-00A0C91BC942}") = "ext_poly2tri", "..\..\external\poly2tri\ext_poly2tri.vcxproj", "{F1071E3A-289B-3DCC-B957-575021938E19}"
	ProjectSection(ProjectDependencies) = postProject
		{E5BB8680-39CA-327D-9716-76C484B3DBE1} = {E5BB8680-39CA-327D-9716-76C484B3DBE1}
	EndProjectSection
EndProject
Project("{8BC9CEB8-8B4A-11D0-8D11-00A0C91BC942}") = "ext_recast", "..\..\external\recast\ext_recast.vcxproj", "{068099D2-5B24-3676-BA2D-3917FBE3169D}"
	ProjectSection(ProjectDependencies) = postProject
		{E5BB8680-39CA-327D-9716-76C484B3DBE1} = {E5BB8680-39CA-327D-9716-76C484B3DBE1}
	EndProjectSection
EndProject
Project("{8BC9CEB8-8B4A-11D0-8D11-00A0C91BC942}") = "ext_tinyxml2", "..\..\external\tinyxml2\ext_tinyxml2.vcxproj", "{0D7147E6-D3DB-397C-AF94-25D10BEDEFD8}"
	ProjectSection(ProjectDependencies) = postProject
		{E5BB8680-39CA-327D-9716-76C484B3DBE1} = {E5BB8680-39CA-327D-9716-76C484B3DBE1}
	EndProjectSection
EndProject
Project("{8BC9CEB8-8B4A-11D0-8D11-00A0C91BC942}") = "ext_unzip", "..\..\external\unzip\ext_unzip.vcxproj", "{42732BA8-89AD-3747-AD85-5A4054C63628}"
	ProjectSection(ProjectDependencies) = postProject
		{E5BB8680-39CA-327D-9716-76C484B3DBE1} = {E5BB8680-39CA-327D-9716-76C484B3DBE1}
	EndProjectSection
EndProject
Project("{8BC9CEB8-8B4A-11D0-8D11-00A0C91BC942}") = "ext_xxhash", "..\..\external\xxhash\ext_xxhash.vcxproj", "{A2E8AAB7-D2EE-3694-8B0E-6E8B6DB67C90}"
	ProjectSection(ProjectDependencies) = postProject
		{E5BB8680-39CA-327D-9716-76C484B3DBE1} = {E5BB8680-39CA-327D-9716-76C484B3DBE1}
	EndProjectSection
EndProject
Project("{8BC9CEB8-8B4A-11D0-8D11-00A0C91BC942}") = "ext_xxtea", "..\..\external\xxtea\ext_xxtea.vcxproj", "{48BCBC6B-A19F-3BCD-A71D-3FA4D50FBA69}"
	ProjectSection(ProjectDependencies) = postProject
		{E5BB8680-39CA-327D-9716-76C484B3DBE1} = {E5BB8680-39CA-327D-9716-76C484B3DBE1}
	EndProjectSection
EndProject
Project("{8BC9CEB8-8B4A-11D0-8D11-00A0C91BC942}") = "external", "..\..\external\external.vcxproj", "{E666459A-2BC4-378C-B852-87585E7EE994}"
	ProjectSection(ProjectDependencies) = postProject
		{E5BB8680-39CA-327D-9716-76C484B3DBE1} = {E5BB8680-39CA-327D-9716-76C484B3DBE1}
		{A8324D0B-A329-3614-9D57-00FC25178398} = {A8324D0B-A329-3614-9D57-00FC25178398}
		{1BDD44F7-D2DA-3012-81A5-DE1359D25510} = {1BDD44F7-D2DA-3012-81A5-DE1359D25510}
		{FE0FE67C-B0CA-325D-AE76-1BD4476C5591} = {FE0FE67C-B0CA-325D-AE76-1BD4476C5591}
		{71F593F7-E229-3EDF-9234-77149344408C} = {71F593F7-E229-3EDF-9234-77149344408C}
		{F1071E3A-289B-3DCC-B957-575021938E19} = {F1071E3A-289B-3DCC-B957-575021938E19}
		{068099D2-5B24-3676-BA2D-3917FBE3169D} = {068099D2-5B24-3676-BA2D-3917FBE3169D}
		{0D7147E6-D3DB-397C-AF94-25D10BEDEFD8} = {0D7147E6-D3DB-397C-AF94-25D10BEDEFD8}
		{42732BA8-89AD-3747-AD85-5A4054C63628} = {42732BA8-89AD-3747-AD85-5A4054C63628}
		{A2E8AAB7-D2EE-3694-8B0E-6E8B6DB67C90} = {A2E8AAB7-D2EE-3694-8B0E-6E8B6DB67C90}
		{48BCBC6B-A19F-3BCD-A71D-3FA4D50FBA69} = {48BCBC6B-A19F-3BCD-A71D-3FA4D50FBA69}
	EndProjectSection
EndProject
Global
	GlobalSection(SolutionConfigurationPlatforms) = preSolution
		Debug|Win32 = Debug|Win32
		Release|Win32 = Release|Win32
		MinSizeRel|Win32 = MinSizeRel|Win32
		RelWithDebInfo|Win32 = RelWithDebInfo|Win32
	EndGlobalSection
	GlobalSection(ProjectConfigurationPlatforms) = postSolution
		{13DDD724-68E5-3B9A-B941-984D26CF15B4}.Debug|Win32.ActiveCfg = Debug|Win32
		{13DDD724-68E5-3B9A-B941-984D26CF15B4}.Release|Win32.ActiveCfg = Release|Win32
		{13DDD724-68E5-3B9A-B941-984D26CF15B4}.MinSizeRel|Win32.ActiveCfg = MinSizeRel|Win32
		{13DDD724-68E5-3B9A-B941-984D26CF15B4}.RelWithDebInfo|Win32.ActiveCfg = RelWithDebInfo|Win32
		{E5BB8680-39CA-327D-9716-76C484B3DBE1}.Debug|Win32.ActiveCfg = Debug|Win32
		{E5BB8680-39CA-327D-9716-76C484B3DBE1}.Debug|Win32.Build.0 = Debug|Win32
		{E5BB8680-39CA-327D-9716-76C484B3DBE1}.Release|Win32.ActiveCfg = Release|Win32
		{E5BB8680-39CA-327D-9716-76C484B3DBE1}.Release|Win32.Build.0 = Release|Win32
		{E5BB8680-39CA-327D-9716-76C484B3DBE1}.MinSizeRel|Win32.ActiveCfg = MinSizeRel|Win32
		{E5BB8680-39CA-327D-9716-76C484B3DBE1}.MinSizeRel|Win32.Build.0 = MinSizeRel|Win32
		{E5BB8680-39CA-327D-9716-76C484B3DBE1}.RelWithDebInfo|Win32.ActiveCfg = RelWithDebInfo|Win32
		{E5BB8680-39CA-327D-9716-76C484B3DBE1}.RelWithDebInfo|Win32.Build.0 = RelWithDebInfo|Win32
		{C0DC9DAE-36C2-3596-970D-03C0A88DF6D9}.Debug|Win32.ActiveCfg = Debug|Win32
		{C0DC9DAE-36C2-3596-970D-03C0A88DF6D9}.Debug|Win32.Build.0 = Debug|Win32
		{C0DC9DAE-36C2-3596-970D-03C0A88DF6D9}.Release|Win32.ActiveCfg = Release|Win32
		{C0DC9DAE-36C2-3596-970D-03C0A88DF6D9}.Release|Win32.Build.0 = Release|Win32
		{C0DC9DAE-36C2-3596-970D-03C0A88DF6D9}.MinSizeRel|Win32.ActiveCfg = MinSizeRel|Win32
		{C0DC9DAE-36C2-3596-970D-03C0A88DF6D9}.MinSizeRel|Win32.Build.0 = MinSizeRel|Win32
		{C0DC9DAE-36C2-3596-970D-03C0A88DF6D9}.RelWithDebInfo|Win32.ActiveCfg = RelWithDebInfo|Win32
		{C0DC9DAE-36C2-3596-970D-03C0A88DF6D9}.RelWithDebInfo|Win32.Build.0 = RelWithDebInfo|Win32
		{A8324D0B-A329-3614-9D57-00FC25178398}.Debug|Win32.ActiveCfg = Debug|Win32
		{A8324D0B-A329-3614-9D57-00FC25178398}.Debug|Win32.Build.0 = Debug|Win32
		{A8324D0B-A329-3614-9D57-00FC25178398}.Release|Win32.ActiveCfg = Release|Win32
		{A8324D0B-A329-3614-9D57-00FC25178398}.Release|Win32.Build.0 = Release|Win32
		{A8324D0B-A329-3614-9D57-00FC25178398}.MinSizeRel|Win32.ActiveCfg = MinSizeRel|Win32
		{A8324D0B-A329-3614-9D57-00FC25178398}.MinSizeRel|Win32.Build.0 = MinSizeRel|Win32
		{A8324D0B-A329-3614-9D57-00FC25178398}.RelWithDebInfo|Win32.ActiveCfg = RelWithDebInfo|Win32
		{A8324D0B-A329-3614-9D57-00FC25178398}.RelWithDebInfo|Win32.Build.0 = RelWithDebInfo|Win32
		{1BDD44F7-D2DA-3012-81A5-DE1359D25510}.Debug|Win32.ActiveCfg = Debug|Win32
		{1BDD44F7-D2DA-3012-81A5-DE1359D25510}.Debug|Win32.Build.0 = Debug|Win32
		{1BDD44F7-D2DA-3012-81A5-DE1359D25510}.Release|Win32.ActiveCfg = Release|Win32
		{1BDD44F7-D2DA-3012-81A5-DE1359D25510}.Release|Win32.Build.0 = Release|Win32
		{1BDD44F7-D2DA-3012-81A5-DE1359D25510}.MinSizeRel|Win32.ActiveCfg = MinSizeRel|Win32
		{1BDD44F7-D2DA-3012-81A5-DE1359D25510}.MinSizeRel|Win32.Build.0 = MinSizeRel|Win32
		{1BDD44F7-D2DA-3012-81A5-DE1359D25510}.RelWithDebInfo|Win32.ActiveCfg = RelWithDebInfo|Win32
		{1BDD44F7-D2DA-3012-81A5-DE1359D25510}.RelWithDebInfo|Win32.Build.0 = RelWithDebInfo|Win32
		{FE0FE67C-B0CA-325D-AE76-1BD4476C5591}.Debug|Win32.ActiveCfg = Debug|Win32
		{FE0FE67C-B0CA-325D-AE76-1BD4476C5591}.Debug|Win32.Build.0 = Debug|Win32
		{FE0FE67C-B0CA-325D-AE76-1BD4476C5591}.Release|Win32.ActiveCfg = Release|Win32
		{FE0FE67C-B0CA-325D-AE76-1BD4476C5591}.Release|Win32.Build.0 = Release|Win32
		{FE0FE67C-B0CA-325D-AE76-1BD4476C5591}.MinSizeRel|Win32.ActiveCfg = MinSizeRel|Win32
		{FE0FE67C-B0CA-325D-AE76-1BD4476C5591}.MinSizeRel|Win32.Build.0 = MinSizeRel|Win32
		{FE0FE67C-B0CA-325D-AE76-1BD4476C5591}.RelWithDebInfo|Win32.ActiveCfg = RelWithDebInfo|Win32
		{FE0FE67C-B0CA-325D-AE76-1BD4476C5591}.RelWithDebInfo|Win32.Build.0 = RelWithDebInfo|Win32
		{71F593F7-E229-3EDF-9234-77149344408C}.Debug|Win32.ActiveCfg = Debug|Win32
		{71F593F7-E229-3EDF-9234-77149344408C}.Debug|Win32.Build.0 = Debug|Win32
		{71F593F7-E229-3EDF-9234-77149344408C}.Release|Win32.ActiveCfg = Release|Win32
		{71F593F7-E229-3EDF-9234-77149344408C}.Release|Win32.Build.0 = Release|Win32
		{71F593F7-E229-3EDF-9234-77149344408C}.MinSizeRel|Win32.ActiveCfg = MinSizeRel|Win32
		{71F593F7-E229-3EDF-9234-77149344408C}.MinSizeRel|Win32.Build.0 = MinSizeRel|Win32
		{71F593F7-E229-3EDF-9234-77149344408C}.RelWithDebInfo|Win32.ActiveCfg = RelWithDebInfo|Win32
		{71F593F7-E229-3EDF-9234-77149344408C}.RelWithDebInfo|Win32.Build.0 = RelWithDebInfo|Win32
		{F1071E3A-289B-3DCC-B957-575021938E19}.Debug|Win32.ActiveCfg = Debug|Win32
		{F1071E3A-289B-3DCC-B957-575021938E19}.Debug|Win32.Build.0 = Debug|Win32
		{F1071E3A-289B-3DCC-B957-575021938E19}.Release|Win32.ActiveCfg = Release|Win32
		{F1071E3A-289B-3DCC-B957-575021938E19}.Release|Win32.Build.0 = Release|Win32
		{F1071E3A-289B-3DCC-B957-575021938E19}.MinSizeRel|Win32.ActiveCfg = MinSizeRel|Win32
		{F1071E3A-289B-3DCC-B957-575021938E19}.MinSizeRel|Win32.Build.0 = MinSizeRel|Win32
		{F1071E3A-289B-3DCC-B957-575021938E19}.RelWithDebInfo|Win32.ActiveCfg = RelWithDebInfo|Win32
		{F1071E3A-289B-3DCC-B957-575021938E19}.RelWithDebInfo|Win32.Build.0 = RelWithDebInfo|Win32
		{068099D2-5B24-3676-BA2D-3917FBE3169D}.Debug|Win32.ActiveCfg = Debug|Win32
		{068099D2-5B24-3676-BA2D-3917FBE3169D}.Debug|Win32.Build.0 = Debug|Win32
		{068099D2-5B24-3676-BA2D-3917FBE3169D}.Release|Win32.ActiveCfg = Release|Win32
		{068099D2-5B24-3676-BA2D-3917FBE3169D}.Release|Win32.Build.0 = Release|Win32
		{068099D2-5B24-3676-BA2D-3917FBE3169D}.MinSizeRel|Win32.ActiveCfg = MinSizeRel|Win32
		{068099D2-5B24-3676-BA2D-3917FBE3169D}.MinSizeRel|Win32.Build.0 = MinSizeRel|Win32
		{068099D2-5B24-3676-BA2D-3917FBE3169D}.RelWithDebInfo|Win32.ActiveCfg = RelWithDebInfo|Win32
		{068099D2-5B24-3676-BA2D-3917FBE3169D}.RelWithDebInfo|Win32.Build.0 = RelWithDebInfo|Win32
		{0D7147E6-D3DB-397C-AF94-25D10BEDEFD8}.Debug|Win32.ActiveCfg = Debug|Win32
		{0D7147E6-D3DB-397C-AF94-25D10BEDEFD8}.Debug|Win32.Build.0 = Debug|Win32
		{0D7147E6-D3DB-397C-AF94-25D10BEDEFD8}.Release|Win32.ActiveCfg = Release|Win32
		{0D7147E6-D3DB-397C-AF94-25D10BEDEFD8}.Release|Win32.Build.0 = Release|Win32
		{0D7147E6-D3DB-397C-AF94-25D10BEDEFD8}.MinSizeRel|Win32.ActiveCfg = MinSizeRel|Win32
		{0D7147E6-D3DB-397C-AF94-25D10BEDEFD8}.MinSizeRel|Win32.Build.0 = MinSizeRel|Win32
		{0D7147E6-D3DB-397C-AF94-25D10BEDEFD8}.RelWithDebInfo|Win32.ActiveCfg = RelWithDebInfo|Win32
		{0D7147E6-D3DB-397C-AF94-25D10BEDEFD8}.RelWithDebInfo|Win32.Build.0 = RelWithDebInfo|Win32
		{42732BA8-89AD-3747-AD85-5A4054C63628}.Debug|Win32.ActiveCfg = Debug|Win32
		{42732BA8-89AD-3747-AD85-5A4054C63628}.Debug|Win32.Build.0 = Debug|Win32
		{42732BA8-89AD-3747-AD85-5A4054C63628}.Release|Win32.ActiveCfg = Release|Win32
		{42732BA8-89AD-3747-AD85-5A4054C63628}.Release|Win32.Build.0 = Release|Win32
		{42732BA8-89AD-3747-AD85-5A4054C63628}.MinSizeRel|Win32.ActiveCfg = MinSizeRel|Win32
		{42732BA8-89AD-3747-AD85-5A4054C63628}.MinSizeRel|Win32.Build.0 = MinSizeRel|Win32
		{42732BA8-89AD-3747-AD85-5A4054C63628}.RelWithDebInfo|Win32.ActiveCfg = RelWithDebInfo|Win32
		{42732BA8-89AD-3747-AD85-5A4054C63628}.RelWithDebInfo|Win32.Build.0 = RelWithDebInfo|Win32
		{A2E8AAB7-D2EE-3694-8B0E-6E8B6DB67C90}.Debug|Win32.ActiveCfg = Debug|Win32
		{A2E8AAB7-D2EE-3694-8B0E-6E8B6DB67C90}.Debug|Win32.Build.0 = Debug|Win32
		{A2E8AAB7-D2EE-3694-8B0E-6E8B6DB67C90}.Release|Win32.ActiveCfg = Release|Win32
		{A2E8AAB7-D2EE-3694-8B0E-6E8B6DB67C90}.Release|Win32.Build.0 = Release|Win32
		{A2E8AAB7-D2EE-3694-8B0E-6E8B6DB67C90}.MinSizeRel|Win32.ActiveCfg = MinSizeRel|Win32
		{A2E8AAB7-D2EE-3694-8B0E-6E8B6DB67C90}.MinSizeRel|Win32.Build.0 = MinSizeRel|Win32
		{A2E8AAB7-D2EE-3694-8B0E-6E8B6DB67C90}.RelWithDebInfo|Win32.ActiveCfg = RelWithDebInfo|Win32
		{A2E8AAB7-D2EE-3694-8B0E-6E8B6DB67C90}.RelWithDebInfo|Win32.Build.0 = RelWithDebInfo|Win32
		{48BCBC6B-A19F-3BCD-A71D-3FA4D50FBA69}.Debug|Win32.ActiveCfg = Debug|Win32
		{48BCBC6B-A19F-3BCD-A71D-3FA4D50FBA69}.Debug|Win32.Build.0 = Debug|Win32
		{48BCBC6B-A19F-3BCD-A71D-3FA4D50FBA69}.Release|Win32.ActiveCfg = Release|Win32
		{48BCBC6B-A19F-3BCD-A71D-3FA4D50FBA69}.Release|Win32.Build.0 = Release|Win32
		{48BCBC6B-A19F-3BCD-A71D-3FA4D50FBA69}.MinSizeRel|Win32.ActiveCfg = MinSizeRel|Win32
		{48BCBC6B-A19F-3BCD-A71D-3FA4D50FBA69}.MinSizeRel|Win32.Build.0 = MinSizeRel|Win32
		{48BCBC6B-A19F-3BCD-A71D-3FA4D50FBA69}.RelWithDebInfo|Win32.ActiveCfg = RelWithDebInfo|Win32
		{48BCBC6B-A19F-3BCD-A71D-3FA4D50FBA69}.RelWithDebInfo|Win32.Build.0 = RelWithDebInfo|Win32
		{E666459A-2BC4-378C-B852-87585E7EE994}.Debug|Win32.ActiveCfg = Debug|Win32
		{E666459A-2BC4-378C-B852-87585E7EE994}.Debug|Win32.Build.0 = Debug|Win32
		{E666459A-2BC4-378C-B852-87585E7EE994}.Release|Win32.ActiveCfg = Release|Win32
		{E666459A-2BC4-378C-B852-87585E7EE994}.Release|Win32.Build.0 = Release|Win32
		{E666459A-2BC4-378C-B852-87585E7EE994}.MinSizeRel|Win32.ActiveCfg = MinSizeRel|Win32
		{E666459A-2BC4-378C-B852-87585E7EE994}.MinSizeRel|Win32.Build.0 = MinSizeRel|Win32
		{E666459A-2BC4-378C-B852-87585E7EE994}.RelWithDebInfo|Win32.ActiveCfg = RelWithDebInfo|Win32
		{E666459A-2BC4-378C-B852-87585E7EE994}.RelWithDebInfo|Win32.Build.0 = RelWithDebInfo|Win32
	EndGlobalSection
	GlobalSection(NestedProjects) = preSolution
		{13DDD724-68E5-3B9A-B941-984D26CF15B4} = {F2852115-C95D-3ED2-B859-279A03DB1A56}
		{E5BB8680-39CA-327D-9716-76C484B3DBE1} = {F2852115-C95D-3ED2-B859-279A03DB1A56}
		{A8324D0B-A329-3614-9D57-00FC25178398} = {2567D17E-9022-3D19-8399-D52978A614E6}
		{1BDD44F7-D2DA-3012-81A5-DE1359D25510} = {2567D17E-9022-3D19-8399-D52978A614E6}
		{FE0FE67C-B0CA-325D-AE76-1BD4476C5591} = {2567D17E-9022-3D19-8399-D52978A614E6}
		{71F593F7-E229-3EDF-9234-77149344408C} = {2567D17E-9022-3D19-8399-D52978A614E6}
		{F1071E3A-289B-3DCC-B957-575021938E19} = {2567D17E-9022-3D19-8399-D52978A614E6}
		{068099D2-5B24-3676-BA2D-3917FBE3169D} = {2567D17E-9022-3D19-8399-D52978A614E6}
		{0D7147E6-D3DB-397C-AF94-25D10BEDEFD8} = {2567D17E-9022-3D19-8399-D52978A614E6}
		{42732BA8-89AD-3747-AD85-5A4054C63628} = {2567D17E-9022-3D19-8399-D52978A614E6}
		{A2E8AAB7-D2EE-3694-8B0E-6E8B6DB67C90} = {2567D17E-9022-3D19-8399-D52978A614E6}
		{48BCBC6B-A19F-3BCD-A71D-3FA4D50FBA69} = {2567D17E-9022-3D19-8399-D52978A614E6}
		{E666459A-2BC4-378C-B852-87585E7EE994} = {2567D17E-9022-3D19-8399-D52978A614E6}
		{C0DC9DAE-36C2-3596-970D-03C0A88DF6D9} = {85C9CC0E-695F-3CF5-8552-E30F7CC822B3}
	EndGlobalSection
	GlobalSection(ExtensibilityGlobals) = postSolution
		SolutionGuid = {259998BF-A251-3EB4-95DA-5E5E0FCF3A74}
	EndGlobalSection
	GlobalSection(ExtensibilityAddIns) = postSolution
	EndGlobalSection
EndGlobal
